
Microsoft Visual Studio Solution File, Format Version 12.00
# Visual Studio Version 17
VisualStudioVersion = 17.6.33829.357
MinimumVisualStudioVersion = 10.0.40219.1
Project("{FAE04EC0-301F-11D3-BF4B-00C04F79EFBC}") = "FileTransferContracts", "FileTransferContracts\FileTransferContracts.csproj", "{DFCB999A-9E85-4571-B797-415854FEF1FE}"
EndProject
Project("{FAE04EC0-301F-11D3-BF4B-00C04F79EFBC}") = "FileTransferContractFirstService", "FileTransferContractFirstService\FileTransferContractFirstService.csproj", "{BEB34210-30E0-48E7-98D9-F982B984B90D}"
EndProject
Project("{FAE04EC0-301F-11D3-BF4B-00C04F79EFBC}") = "FileTransferCodeFirstService", "FileTransferCodeFirstService\FileTransferCodeFirstService.csproj", "{52042ADF-2A67-4589-B1ED-FBE4834D1859}"
EndProject
Global
	GlobalSection(SolutionConfigurationPlatforms) = preSolution
		Debug|Any CPU = Debug|Any CPU
		Release|Any CPU = Release|Any CPU
	EndGlobalSection
	GlobalSection(ProjectConfigurationPlatforms) = postSolution
		{DFCB999A-9E85-4571-B797-415854FEF1FE}.Debug|Any CPU.ActiveCfg = Debug|Any CPU
		{DFCB999A-9E85-4571-B797-415854FEF1FE}.Debug|Any CPU.Build.0 = Debug|Any CPU
		{DFCB999A-9E85-4571-B797-415854FEF1FE}.Release|Any CPU.ActiveCfg = Release|Any CPU
		{DFCB999A-9E85-4571-B797-415854FEF1FE}.Release|Any CPU.Build.0 = Release|Any CPU
		{BEB34210-30E0-48E7-98D9-F982B984B90D}.Debug|Any CPU.ActiveCfg = Debug|Any CPU
		{BEB34210-30E0-48E7-98D9-F982B984B90D}.Debug|Any CPU.Build.0 = Debug|Any CPU
		{BEB34210-30E0-48E7-98D9-F982B984B90D}.Release|Any CPU.ActiveCfg = Release|Any CPU
		{BEB34210-30E0-48E7-98D9-F982B984B90D}.Release|Any CPU.Build.0 = Release|Any CPU
		{52042ADF-2A67-4589-B1ED-FBE4834D1859}.Debug|Any CPU.ActiveCfg = Debug|Any CPU
		{52042ADF-2A67-4589-B1ED-FBE4834D1859}.Debug|Any CPU.Build.0 = Debug|Any CPU
		{52042ADF-2A67-4589-B1ED-FBE4834D1859}.Release|Any CPU.ActiveCfg = Release|Any CPU
		{52042ADF-2A67-4589-B1ED-FBE4834D1859}.Release|Any CPU.Build.0 = Release|Any CPU
	EndGlobalSection
	GlobalSection(SolutionProperties) = preSolution
		HideSolutionNode = FALSE
	EndGlobalSection
	GlobalSection(ExtensibilityGlobals) = postSolution
		SolutionGuid = {7CEFC05F-908E-4BCA-AA37-A75209E08B6A}
	EndGlobalSection
EndGlobal
